
Microsoft Visual Studio Solution File, Format Version 12.00
# Visual Studio Version 16
VisualStudioVersion = 16.0.33214.272
MinimumVisualStudioVersion = 10.0.40219.1
Project("{FAE04EC0-301F-11D3-BF4B-00C04F79EFBC}") = "Prime_Cinema", "Prime_Cinema\Prime_Cinema.csproj", "{74840C75-10D6-40F8-87CD-CB687C9B17E5}"
EndProject
Project("{FAE04EC0-301F-11D3-BF4B-00C04F79EFBC}") = "Modelo", "Utilities\Modelo.csproj", "{F52DDB0B-557B-4082-9516-0F33C8E61BAC}"
EndProject
Project("{FAE04EC0-301F-11D3-BF4B-00C04F79EFBC}") = "Controlador", "Controlador\Controlador.csproj", "{E551389B-BF0E-457B-B296-7238FD5E78E1}"
EndProject
Global
	GlobalSection(SolutionConfigurationPlatforms) = preSolution
		Debug|Any CPU = Debug|Any CPU
		Release|Any CPU = Release|Any CPU
	EndGlobalSection
	GlobalSection(ProjectConfigurationPlatforms) = postSolution
		{74840C75-10D6-40F8-87CD-CB687C9B17E5}.Debug|Any CPU.ActiveCfg = Debug|Any CPU
		{74840C75-10D6-40F8-87CD-CB687C9B17E5}.Debug|Any CPU.Build.0 = Debug|Any CPU
		{74840C75-10D6-40F8-87CD-CB687C9B17E5}.Release|Any CPU.ActiveCfg = Release|Any CPU
		{74840C75-10D6-40F8-87CD-CB687C9B17E5}.Release|Any CPU.Build.0 = Release|Any CPU
		{F52DDB0B-557B-4082-9516-0F33C8E61BAC}.Debug|Any CPU.ActiveCfg = Debug|Any CPU
		{F52DDB0B-557B-4082-9516-0F33C8E61BAC}.Debug|Any CPU.Build.0 = Debug|Any CPU
		{F52DDB0B-557B-4082-9516-0F33C8E61BAC}.Release|Any CPU.ActiveCfg = Release|Any CPU
		{F52DDB0B-557B-4082-9516-0F33C8E61BAC}.Release|Any CPU.Build.0 = Release|Any CPU
		{E551389B-BF0E-457B-B296-7238FD5E78E1}.Debug|Any CPU.ActiveCfg = Debug|Any CPU
		{E551389B-BF0E-457B-B296-7238FD5E78E1}.Debug|Any CPU.Build.0 = Debug|Any CPU
		{E551389B-BF0E-457B-B296-7238FD5E78E1}.Release|Any CPU.ActiveCfg = Release|Any CPU
		{E551389B-BF0E-457B-B296-7238FD5E78E1}.Release|Any CPU.Build.0 = Release|Any CPU
	EndGlobalSection
	GlobalSection(SolutionProperties) = preSolution
		HideSolutionNode = FALSE
	EndGlobalSection
	GlobalSection(ExtensibilityGlobals) = postSolution
		SolutionGuid = {4269E3EA-253B-47A7-A9CF-4324171DD7AA}
	EndGlobalSection
EndGlobal
